
Microsoft Visual Studio Solution File, Format Version 12.00
# Visual Studio Version 17
VisualStudioVersion = 17.1.32228.430
MinimumVisualStudioVersion = 10.0.40219.1
Project("{FAE04EC0-301F-11D3-BF4B-00C04F79EFBC}") = "Entities", "Entities\Entities.csproj", "{508B4E05-27D9-45BA-B3D4-87282CC7C7B7}"
EndProject
Project("{FAE04EC0-301F-11D3-BF4B-00C04F79EFBC}") = "DataAccess", "DataAccess\DataAccess.csproj", "{6AB1365B-C909-4B7A-83F0-6731A0A5E670}"
EndProject
Project("{FAE04EC0-301F-11D3-BF4B-00C04F79EFBC}") = "Core", "Core\Core.csproj", "{48E202DE-80A6-4A01-A891-8625CD15FC63}"
EndProject
Project("{FAE04EC0-301F-11D3-BF4B-00C04F79EFBC}") = "Business", "Business\Business.csproj", "{2D86894B-DB6B-44CA-8971-9C41FFECD2D0}"
EndProject
Project("{FAE04EC0-301F-11D3-BF4B-00C04F79EFBC}") = "WebAPI", "WebAPI\WebAPI.csproj", "{377034C3-C944-4FEF-868B-E02E2AA7D8BB}"
EndProject
Global
	GlobalSection(SolutionConfigurationPlatforms) = preSolution
		Debug|Any CPU = Debug|Any CPU
		Release|Any CPU = Release|Any CPU
	EndGlobalSection
	GlobalSection(ProjectConfigurationPlatforms) = postSolution
		{508B4E05-27D9-45BA-B3D4-87282CC7C7B7}.Debug|Any CPU.ActiveCfg = Debug|Any CPU
		{508B4E05-27D9-45BA-B3D4-87282CC7C7B7}.Debug|Any CPU.Build.0 = Debug|Any CPU
		{508B4E05-27D9-45BA-B3D4-87282CC7C7B7}.Release|Any CPU.ActiveCfg = Release|Any CPU
		{508B4E05-27D9-45BA-B3D4-87282CC7C7B7}.Release|Any CPU.Build.0 = Release|Any CPU
		{6AB1365B-C909-4B7A-83F0-6731A0A5E670}.Debug|Any CPU.ActiveCfg = Debug|Any CPU
		{6AB1365B-C909-4B7A-83F0-6731A0A5E670}.Debug|Any CPU.Build.0 = Debug|Any CPU
		{6AB1365B-C909-4B7A-83F0-6731A0A5E670}.Release|Any CPU.ActiveCfg = Release|Any CPU
		{6AB1365B-C909-4B7A-83F0-6731A0A5E670}.Release|Any CPU.Build.0 = Release|Any CPU
		{48E202DE-80A6-4A01-A891-8625CD15FC63}.Debug|Any CPU.ActiveCfg = Debug|Any CPU
		{48E202DE-80A6-4A01-A891-8625CD15FC63}.Debug|Any CPU.Build.0 = Debug|Any CPU
		{48E202DE-80A6-4A01-A891-8625CD15FC63}.Release|Any CPU.ActiveCfg = Release|Any CPU
		{48E202DE-80A6-4A01-A891-8625CD15FC63}.Release|Any CPU.Build.0 = Release|Any CPU
		{2D86894B-DB6B-44CA-8971-9C41FFECD2D0}.Debug|Any CPU.ActiveCfg = Debug|Any CPU
		{2D86894B-DB6B-44CA-8971-9C41FFECD2D0}.Debug|Any CPU.Build.0 = Debug|Any CPU
		{2D86894B-DB6B-44CA-8971-9C41FFECD2D0}.Release|Any CPU.ActiveCfg = Release|Any CPU
		{2D86894B-DB6B-44CA-8971-9C41FFECD2D0}.Release|Any CPU.Build.0 = Release|Any CPU
		{377034C3-C944-4FEF-868B-E02E2AA7D8BB}.Debug|Any CPU.ActiveCfg = Debug|Any CPU
		{377034C3-C944-4FEF-868B-E02E2AA7D8BB}.Debug|Any CPU.Build.0 = Debug|Any CPU
		{377034C3-C944-4FEF-868B-E02E2AA7D8BB}.Release|Any CPU.ActiveCfg = Release|Any CPU
		{377034C3-C944-4FEF-868B-E02E2AA7D8BB}.Release|Any CPU.Build.0 = Release|Any CPU
	EndGlobalSection
	GlobalSection(SolutionProperties) = preSolution
		HideSolutionNode = FALSE
	EndGlobalSection
	GlobalSection(ExtensibilityGlobals) = postSolution
		SolutionGuid = {0D83D60D-3132-474C-A6E3-9E669A9397A2}
	EndGlobalSection
EndGlobal
